// !$*UTF8*$!
{
	archiveVersion = 1;
	classes = {
	};
	objectVersion = 55;
	objects = {

/* Begin PBXBuildFile section */
		DC32CDE129D0F2CD00049D1D /* HomeVC.swift in Sources */ = {isa = PBXBuildFile; fileRef = DC32CDE029D0F2CD00049D1D /* HomeVC.swift */; };
		DC32CDE329D0F2F900049D1D /* ActivitiesVC.swift in Sources */ = {isa = PBXBuildFile; fileRef = DC32CDE229D0F2F900049D1D /* ActivitiesVC.swift */; };
		DC32CDE529D0F36200049D1D /* DiningVC.swift in Sources */ = {isa = PBXBuildFile; fileRef = DC32CDE429D0F36200049D1D /* DiningVC.swift */; };
		DC32CDE729D0F37900049D1D /* LodgingVC.swift in Sources */ = {isa = PBXBuildFile; fileRef = DC32CDE629D0F37900049D1D /* LodgingVC.swift */; };
		DC32CDE929D0F38700049D1D /* MoreInfoVC.swift in Sources */ = {isa = PBXBuildFile; fileRef = DC32CDE829D0F38700049D1D /* MoreInfoVC.swift */; };
		DC55D26129A40A290068996B /* Media.xcassets in Resources */ = {isa = PBXBuildFile; fileRef = DC55D26029A40A290068996B /* Media.xcassets */; };
		DC6EE04C27138DB1008DF188 /* AppDelegate.swift in Sources */ = {isa = PBXBuildFile; fileRef = DC6EE04B27138DB1008DF188 /* AppDelegate.swift */; };
		DC6EE04E27138DB1008DF188 /* SceneDelegate.swift in Sources */ = {isa = PBXBuildFile; fileRef = DC6EE04D27138DB1008DF188 /* SceneDelegate.swift */; };
		DC6EE05327138DB1008DF188 /* Main.storyboard in Resources */ = {isa = PBXBuildFile; fileRef = DC6EE05127138DB1008DF188 /* Main.storyboard */; };
		DC6EE05527138DB2008DF188 /* Assets.xcassets in Resources */ = {isa = PBXBuildFile; fileRef = DC6EE05427138DB2008DF188 /* Assets.xcassets */; };
		DC6EE05827138DB2008DF188 /* LaunchScreen.storyboard in Resources */ = {isa = PBXBuildFile; fileRef = DC6EE05627138DB2008DF188 /* LaunchScreen.storyboard */; };
		DCC5400D29CFA1E300384339 /* Images.xcassets in Resources */ = {isa = PBXBuildFile; fileRef = DCC5400C29CFA1E300384339 /* Images.xcassets */; };
/* End PBXBuildFile section */

/* Begin PBXFileReference section */
		DC32CDE029D0F2CD00049D1D /* HomeVC.swift */ = {isa = PBXFileReference; lastKnownFileType = sourcecode.swift; path = HomeVC.swift; sourceTree = "<group>"; };
		DC32CDE229D0F2F900049D1D /* ActivitiesVC.swift */ = {isa = PBXFileReference; lastKnownFileType = sourcecode.swift; path = ActivitiesVC.swift; sourceTree = "<group>"; };
		DC32CDE429D0F36200049D1D /* DiningVC.swift */ = {isa = PBXFileReference; lastKnownFileType = sourcecode.swift; path = DiningVC.swift; sourceTree = "<group>"; };
		DC32CDE629D0F37900049D1D /* LodgingVC.swift */ = {isa = PBXFileReference; lastKnownFileType = sourcecode.swift; path = LodgingVC.swift; sourceTree = "<group>"; };
		DC32CDE829D0F38700049D1D /* MoreInfoVC.swift */ = {isa = PBXFileReference; lastKnownFileType = sourcecode.swift; path = MoreInfoVC.swift; sourceTree = "<group>"; };
		DC55D26029A40A290068996B /* Media.xcassets */ = {isa = PBXFileReference; lastKnownFileType = folder.assetcatalog; name = Media.xcassets; path = Breathable/Media.xcassets; sourceTree = "<group>"; };
		DC6EE04827138DB1008DF188 /* Jersey Love.app */ = {isa = PBXFileReference; explicitFileType = wrapper.application; includeInIndex = 0; path = "Jersey Love.app"; sourceTree = BUILT_PRODUCTS_DIR; };
		DC6EE04B27138DB1008DF188 /* AppDelegate.swift */ = {isa = PBXFileReference; lastKnownFileType = sourcecode.swift; path = AppDelegate.swift; sourceTree = "<group>"; };
		DC6EE04D27138DB1008DF188 /* SceneDelegate.swift */ = {isa = PBXFileReference; lastKnownFileType = sourcecode.swift; path = SceneDelegate.swift; sourceTree = "<group>"; };
		DC6EE05227138DB1008DF188 /* Base */ = {isa = PBXFileReference; lastKnownFileType = file.storyboard; name = Base; path = Base.lproj/Main.storyboard; sourceTree = "<group>"; };
		DC6EE05427138DB2008DF188 /* Assets.xcassets */ = {isa = PBXFileReference; lastKnownFileType = folder.assetcatalog; path = Assets.xcassets; sourceTree = "<group>"; };
		DC6EE05727138DB2008DF188 /* Base */ = {isa = PBXFileReference; lastKnownFileType = file.storyboard; name = Base; path = Base.lproj/LaunchScreen.storyboard; sourceTree = "<group>"; };
		DC6EE05927138DB2008DF188 /* Info.plist */ = {isa = PBXFileReference; lastKnownFileType = text.plist.xml; path = Info.plist; sourceTree = "<group>"; };
		DCC5400C29CFA1E300384339 /* Images.xcassets */ = {isa = PBXFileReference; lastKnownFileType = folder.assetcatalog; path = Images.xcassets; sourceTree = "<group>"; };
/* End PBXFileReference section */

/* Begin PBXFrameworksBuildPhase section */
		DC6EE04527138DB1008DF188 /* Frameworks */ = {
			isa = PBXFrameworksBuildPhase;
			buildActionMask = 2147483647;
			files = (
			);
			runOnlyForDeploymentPostprocessing = 0;
		};
/* End PBXFrameworksBuildPhase section */

/* Begin PBXGroup section */
		DC6EE03F27138DB1008DF188 = {
			isa = PBXGroup;
			children = (
				DCC5400C29CFA1E300384339 /* Images.xcassets */,
				DC55D26029A40A290068996B /* Media.xcassets */,
				DC6EE04A27138DB1008DF188 /* Breathable */,
				DC6EE04927138DB1008DF188 /* Products */,
			);
			sourceTree = "<group>";
		};
		DC6EE04927138DB1008DF188 /* Products */ = {
			isa = PBXGroup;
			children = (
				DC6EE04827138DB1008DF188 /* Jersey Love.app */,
			);
			name = Products;
			sourceTree = "<group>";
		};
		DC6EE04A27138DB1008DF188 /* Breathable */ = {
			isa = PBXGroup;
			children = (
				DC6EE04B27138DB1008DF188 /* AppDelegate.swift */,
				DC6EE04D27138DB1008DF188 /* SceneDelegate.swift */,
				DC6EE05127138DB1008DF188 /* Main.storyboard */,
				DC6EE05427138DB2008DF188 /* Assets.xcassets */,
				DC6EE05627138DB2008DF188 /* LaunchScreen.storyboard */,
				DC6EE05927138DB2008DF188 /* Info.plist */,
				DC32CDE029D0F2CD00049D1D /* HomeVC.swift */,
				DC32CDE229D0F2F900049D1D /* ActivitiesVC.swift */,
				DC32CDE429D0F36200049D1D /* DiningVC.swift */,
				DC32CDE629D0F37900049D1D /* LodgingVC.swift */,
				DC32CDE829D0F38700049D1D /* MoreInfoVC.swift */,
			);
			path = Breathable;
			sourceTree = "<group>";
		};
/* End PBXGroup section */

/* Begin PBXNativeTarget section */
		DC6EE04727138DB1008DF188 /* Jersey Love */ = {
			isa = PBXNativeTarget;
			buildConfigurationList = DC6EE05C27138DB2008DF188 /* Build configuration list for PBXNativeTarget "Jersey Love" */;
			buildPhases = (
				DC6EE04427138DB1008DF188 /* Sources */,
				DC6EE04527138DB1008DF188 /* Frameworks */,
				DC6EE04627138DB1008DF188 /* Resources */,
			);
			buildRules = (
			);
			dependencies = (
			);
			name = "Jersey Love";
			productName = Breathable;
			productReference = DC6EE04827138DB1008DF188 /* Jersey Love.app */;
			productType = "com.apple.product-type.application";
		};
/* End PBXNativeTarget section */

/* Begin PBXProject section */
		DC6EE04027138DB1008DF188 /* Project object */ = {
			isa = PBXProject;
			attributes = {
				BuildIndependentTargetsInParallel = 1;
				LastSwiftUpdateCheck = 1300;
				LastUpgradeCheck = 1300;
				TargetAttributes = {
					DC6EE04727138DB1008DF188 = {
						CreatedOnToolsVersion = 13.0;
					};
				};
			};
			buildConfigurationList = DC6EE04327138DB1008DF188 /* Build configuration list for PBXProject "Jersey Love" */;
			compatibilityVersion = "Xcode 13.0";
			developmentRegion = en;
			hasScannedForEncodings = 0;
			knownRegions = (
				en,
				Base,
			);
			mainGroup = DC6EE03F27138DB1008DF188;
			productRefGroup = DC6EE04927138DB1008DF188 /* Products */;
			projectDirPath = "";
			projectRoot = "";
			targets = (
				DC6EE04727138DB1008DF188 /* Jersey Love */,
			);
		};
/* End PBXProject section */

/* Begin PBXResourcesBuildPhase section */
		DC6EE04627138DB1008DF188 /* Resources */ = {
			isa = PBXResourcesBuildPhase;
			buildActionMask = 2147483647;
			files = (
				DC6EE05827138DB2008DF188 /* LaunchScreen.storyboard in Resources */,
				DCC5400D29CFA1E300384339 /* Images.xcassets in Resources */,
				DC6EE05527138DB2008DF188 /* Assets.xcassets in Resources */,
				DC55D26129A40A290068996B /* Media.xcassets in Resources */,
				DC6EE05327138DB1008DF188 /* Main.storyboard in Resources */,
			);
			runOnlyForDeploymentPostprocessing = 0;
		};
/* End PBXResourcesBuildPhase section */

/* Begin PBXSourcesBuildPhase section */
		DC6EE04427138DB1008DF188 /* Sources */ = {
			isa = PBXSourcesBuildPhase;
			buildActionMask = 2147483647;
			files = (
				DC32CDE929D0F38700049D1D /* MoreInfoVC.swift in Sources */,
				DC6EE04C27138DB1008DF188 /* AppDelegate.swift in Sources */,
				DC6EE04E27138DB1008DF188 /* SceneDelegate.swift in Sources */,
				DC32CDE729D0F37900049D1D /* LodgingVC.swift in Sources */,
				DC32CDE129D0F2CD00049D1D /* HomeVC.swift in Sources */,
				DC32CDE529D0F36200049D1D /* DiningVC.swift in Sources */,
				DC32CDE329D0F2F900049D1D /* ActivitiesVC.swift in Sources */,
			);
			runOnlyForDeploymentPostprocessing = 0;
		};
/* End PBXSourcesBuildPhase section */

/* Begin PBXVariantGroup section */
		DC6EE05127138DB1008DF188 /* Main.storyboard */ = {
			isa = PBXVariantGroup;
			children = (
				DC6EE05227138DB1008DF188 /* Base */,
			);
			name = Main.storyboard;
			sourceTree = "<group>";
		};
		DC6EE05627138DB2008DF188 /* LaunchScreen.storyboard */ = {
			isa = PBXVariantGroup;
			children = (
				DC6EE05727138DB2008DF188 /* Base */,
			);
			name = LaunchScreen.storyboard;
			sourceTree = "<group>";
		};
/* End PBXVariantGroup section */

/* Begin XCBuildConfiguration section */
		DC6EE05A27138DB2008DF188 /* Debug */ = {
			isa = XCBuildConfiguration;
			buildSettings = {
				ALWAYS_SEARCH_USER_PATHS = NO;
				CLANG_ANALYZER_NONNULL = YES;
				CLANG_ANALYZER_NUMBER_OBJECT_CONVERSION = YES_AGGRESSIVE;
				CLANG_CXX_LANGUAGE_STANDARD = "gnu++17";
				CLANG_CXX_LIBRARY = "libc++";
				CLANG_ENABLE_MODULES = YES;
				CLANG_ENABLE_OBJC_ARC = YES;
				CLANG_ENABLE_OBJC_WEAK = YES;
				CLANG_WARN_BLOCK_CAPTURE_AUTORELEASING = YES;
				CLANG_WARN_BOOL_CONVERSION = YES;
				CLANG_WARN_COMMA = YES;
				CLANG_WARN_CONSTANT_CONVERSION = YES;
				CLANG_WARN_DEPRECATED_OBJC_IMPLEMENTATIONS = YES;
				CLANG_WARN_DIRECT_OBJC_ISA_USAGE = YES_ERROR;
				CLANG_WARN_DOCUMENTATION_COMMENTS = YES;
				CLANG_WARN_EMPTY_BODY = YES;
				CLANG_WARN_ENUM_CONVERSION = YES;
				CLANG_WARN_INFINITE_RECURSION = YES;
				CLANG_WARN_INT_CONVERSION = YES;
				CLANG_WARN_NON_LITERAL_NULL_CONVERSION = YES;
				CLANG_WARN_OBJC_IMPLICIT_RETAIN_SELF = YES;
				CLANG_WARN_OBJC_LITERAL_CONVERSION = YES;
				CLANG_WARN_OBJC_ROOT_CLASS = YES_ERROR;
				CLANG_WARN_QUOTED_INCLUDE_IN_FRAMEWORK_HEADER = YES;
				CLANG_WARN_RANGE_LOOP_ANALYSIS = YES;
				CLANG_WARN_STRICT_PROTOTYPES = YES;
				CLANG_WARN_SUSPICIOUS_MOVE = YES;
				CLANG_WARN_UNGUARDED_AVAILABILITY = YES_AGGRESSIVE;
				CLANG_WARN_UNREACHABLE_CODE = YES;
				CLANG_WARN__DUPLICATE_METHOD_MATCH = YES;
				COPY_PHASE_STRIP = NO;
				DEBUG_INFORMATION_FORMAT = dwarf;
				ENABLE_STRICT_OBJC_MSGSEND = YES;
				ENABLE_TESTABILITY = YES;
				GCC_C_LANGUAGE_STANDARD = gnu11;
				GCC_DYNAMIC_NO_PIC = NO;
				GCC_NO_COMMON_BLOCKS = YES;
				GCC_OPTIMIZATION_LEVEL = 0;
				GCC_PREPROCESSOR_DEFINITIONS = (
					"DEBUG=1",
					"$(inherited)",
				);
				GCC_WARN_64_TO_32_BIT_CONVERSION = YES;
				GCC_WARN_ABOUT_RETURN_TYPE = YES_ERROR;
				GCC_WARN_UNDECLARED_SELECTOR = YES;
				GCC_WARN_UNINITIALIZED_AUTOS = YES_AGGRESSIVE;
				GCC_WARN_UNUSED_FUNCTION = YES;
				GCC_WARN_UNUSED_VARIABLE = YES;
				IPHONEOS_DEPLOYMENT_TARGET = 12.4;
				MTL_ENABLE_DEBUG_INFO = INCLUDE_SOURCE;
				MTL_FAST_MATH = YES;
				ONLY_ACTIVE_ARCH = YES;
				SDKROOT = iphoneos;
				SWIFT_ACTIVE_COMPILATION_CONDITIONS = DEBUG;
				SWIFT_OPTIMIZATION_LEVEL = "-Onone";
			};
			name = Debug;
		};
		DC6EE05B27138DB2008DF188 /* Release */ = {
			isa = XCBuildConfiguration;
			buildSettings = {
				ALWAYS_SEARCH_USER_PATHS = NO;
				CLANG_ANALYZER_NONNULL = YES;
				CLANG_ANALYZER_NUMBER_OBJECT_CONVERSION = YES_AGGRESSIVE;
				CLANG_CXX_LANGUAGE_STANDARD = "gnu++17";
				CLANG_CXX_LIBRARY = "libc++";
				CLANG_ENABLE_MODULES = YES;
				CLANG_ENABLE_OBJC_ARC = YES;
				CLANG_ENABLE_OBJC_WEAK = YES;
				CLANG_WARN_BLOCK_CAPTURE_AUTORELEASING = YES;
				CLANG_WARN_BOOL_CONVERSION = YES;
				CLANG_WARN_COMMA = YES;
				CLANG_WARN_CONSTANT_CONVERSION = YES;
				CLANG_WARN_DEPRECATED_OBJC_IMPLEMENTATIONS = YES;
				CLANG_WARN_DIRECT_OBJC_ISA_USAGE = YES_ERROR;
				CLANG_WARN_DOCUMENTATION_COMMENTS = YES;
				CLANG_WARN_EMPTY_BODY = YES;
				CLANG_WARN_ENUM_CONVERSION = YES;
				CLANG_WARN_INFINITE_RECURSION = YES;
				CLANG_WARN_INT_CONVERSION = YES;
				CLANG_WARN_NON_LITERAL_NULL_CONVERSION = YES;
				CLANG_WARN_OBJC_IMPLICIT_RETAIN_SELF = YES;
				CLANG_WARN_OBJC_LITERAL_CONVERSION = YES;
				CLANG_WARN_OBJC_ROOT_CLASS = YES_ERROR;
				CLANG_WARN_QUOTED_INCLUDE_IN_FRAMEWORK_HEADER = YES;
				CLANG_WARN_RANGE_LOOP_ANALYSIS = YES;
				CLANG_WARN_STRICT_PROTOTYPES = YES;
				CLANG_WARN_SUSPICIOUS_MOVE = YES;
				CLANG_WARN_UNGUARDED_AVAILABILITY = YES_AGGRESSIVE;
				CLANG_WARN_UNREACHABLE_CODE = YES;
				CLANG_WARN__DUPLICATE_METHOD_MATCH = YES;
				COPY_PHASE_STRIP = NO;
				DEBUG_INFORMATION_FORMAT = "dwarf-with-dsym";
				ENABLE_NS_ASSERTIONS = NO;
				ENABLE_STRICT_OBJC_MSGSEND = YES;
				GCC_C_LANGUAGE_STANDARD = gnu11;
				GCC_NO_COMMON_BLOCKS = YES;
				GCC_WARN_64_TO_32_BIT_CONVERSION = YES;
				GCC_WARN_ABOUT_RETURN_TYPE = YES_ERROR;
				GCC_WARN_UNDECLARED_SELECTOR = YES;
				GCC_WARN_UNINITIALIZED_AUTOS = YES_AGGRESSIVE;
				GCC_WARN_UNUSED_FUNCTION = YES;
				GCC_WARN_UNUSED_VARIABLE = YES;
				IPHONEOS_DEPLOYMENT_TARGET = 12.4;
				MTL_ENABLE_DEBUG_INFO = NO;
				MTL_FAST_MATH = YES;
				SDKROOT = iphoneos;
				SWIFT_COMPILATION_MODE = wholemodule;
				SWIFT_OPTIMIZATION_LEVEL = "-O";
				VALIDATE_PRODUCT = YES;
			};
			name = Release;
		};
		DC6EE05D27138DB2008DF188 /* Debug */ = {
			isa = XCBuildConfiguration;
			buildSettings = {
				ASSETCATALOG_COMPILER_APPICON_NAME = AppIcon;
				ASSETCATALOG_COMPILER_GLOBAL_ACCENT_COLOR_NAME = AccentColor;
				CODE_SIGN_STYLE = Automatic;
				CURRENT_PROJECT_VERSION = 1;
				DEVELOPMENT_TEAM = 26BV3W2YB2;
				GENERATE_INFOPLIST_FILE = YES;
				INFOPLIST_FILE = Breathable/Info.plist;
				INFOPLIST_KEY_CFBundleDisplayName = "Jersey Love";
				INFOPLIST_KEY_UIApplicationSupportsIndirectInputEvents = YES;
				INFOPLIST_KEY_UILaunchStoryboardName = LaunchScreen;
				INFOPLIST_KEY_UIMainStoryboardFile = Main;
				INFOPLIST_KEY_UISupportedInterfaceOrientations = UIInterfaceOrientationPortrait;
				INFOPLIST_KEY_UISupportedInterfaceOrientations_iPad = "UIInterfaceOrientationPortrait UIInterfaceOrientationPortraitUpsideDown UIInterfaceOrientationLandscapeLeft UIInterfaceOrientationLandscapeRight";
				INFOPLIST_KEY_UISupportedInterfaceOrientations_iPhone = "UIInterfaceOrientationPortrait UIInterfaceOrientationLandscapeLeft UIInterfaceOrientationLandscapeRight";
				LD_RUNPATH_SEARCH_PATHS = (
					"$(inherited)",
					"@executable_path/Frameworks",
				);
				MARKETING_VERSION = 1.04;
				PRODUCT_BUNDLE_IDENTIFIER = com.arjuntschand.LouisvillesPets;
				PRODUCT_NAME = "$(TARGET_NAME)";
				SWIFT_EMIT_LOC_STRINGS = YES;
				SWIFT_VERSION = 5.0;
				TARGETED_DEVICE_FAMILY = "1,2";
			};
			name = Debug;
		};
		DC6EE05E27138DB2008DF188 /* Release */ = {
			isa = XCBuildConfiguration;
			buildSettings = {
				ASSETCATALOG_COMPILER_APPICON_NAME = AppIcon;
				ASSETCATALOG_COMPILER_GLOBAL_ACCENT_COLOR_NAME = AccentColor;
				CODE_SIGN_STYLE = Automatic;
				CURRENT_PROJECT_VERSION = 1;
				DEVELOPMENT_TEAM = 26BV3W2YB2;
				GENERATE_INFOPLIST_FILE = YES;
				INFOPLIST_FILE = Breathable/Info.plist;
				INFOPLIST_KEY_CFBundleDisplayName = "Jersey Love";
				INFOPLIST_KEY_UIApplicationSupportsIndirectInputEvents = YES;
				INFOPLIST_KEY_UILaunchStoryboardName = LaunchScreen;
				INFOPLIST_KEY_UIMainStoryboardFile = Main;
				INFOPLIST_KEY_UISupportedInterfaceOrientations = UIInterfaceOrientationPortrait;
				INFOPLIST_KEY_UISupportedInterfaceOrientations_iPad = "UIInterfaceOrientationPortrait UIInterfaceOrientationPortraitUpsideDown UIInterfaceOrientationLandscapeLeft UIInterfaceOrientationLandscapeRight";
				INFOPLIST_KEY_UISupportedInterfaceOrientations_iPhone = "UIInterfaceOrientationPortrait UIInterfaceOrientationLandscapeLeft UIInterfaceOrientationLandscapeRight";
				LD_RUNPATH_SEARCH_PATHS = (
					"$(inherited)",
					"@executable_path/Frameworks",
				);
				MARKETING_VERSION = 1.04;
				PRODUCT_BUNDLE_IDENTIFIER = com.arjuntschand.LouisvillesPets;
				PRODUCT_NAME = "$(TARGET_NAME)";
				SWIFT_EMIT_LOC_STRINGS = YES;
				SWIFT_VERSION = 5.0;
				TARGETED_DEVICE_FAMILY = "1,2";
			};
			name = Release;
		};
/* End XCBuildConfiguration section */

/* Begin XCConfigurationList section */
		DC6EE04327138DB1008DF188 /* Build configuration list for PBXProject "Jersey Love" */ = {
			isa = XCConfigurationList;
			buildConfigurations = (
				DC6EE05A27138DB2008DF188 /* Debug */,
				DC6EE05B27138DB2008DF188 /* Release */,
			);
			defaultConfigurationIsVisible = 0;
			defaultConfigurationName = Release;
		};
		DC6EE05C27138DB2008DF188 /* Build configuration list for PBXNativeTarget "Jersey Love" */ = {
			isa = XCConfigurationList;
			buildConfigurations = (
				DC6EE05D27138DB2008DF188 /* Debug */,
				DC6EE05E27138DB2008DF188 /* Release */,
			);
			defaultConfigurationIsVisible = 0;
			defaultConfigurationName = Release;
		};
/* End XCConfigurationList section */
	};
	rootObject = DC6EE04027138DB1008DF188 /* Project object */;
}
